github.com/BurntSushi/xgb v0.0.0-20201008132610-5f9e7b3c49cd h1:u7K2oMFMd8APDV3fM1j2rO3U/XJf1g1qC3DDTKou8iM=
github.com/BurntSushi/xgb v0.0.0-20201008132610-5f9e7b3c49cd/go.mod h1:IVnqGOEym/WlBOVXweHU+Q+/VP0lqqI8lqeDx9IjBqo=
github.com/as/clip v0.6.8 h1:o5nnVBJKmL/QdKknfQp+lQIK7NU8AKyc44uDH3ZTvWw=
github.com/as/clip v0.6.8/go.mod h1:TbUV52PPOMm0CgJuNFNbENNsIhGJFdl9oI3kZ8diLB4=
github.com/as/edit v0.6.14 h1:wXcwP9taDD3UlRvNMFjSM2u3GoszZ/sqoMXvVTYPsnA=
github.com/as/edit v0.6.14/go.mod h1:HuYiDiO165PKAwEw4aXzwova1ctQgNQWcxj7iah42DE=
github.com/as/etch v0.6.7 h1:Fbby64Ata1bTASLAEhkQOjp839D0cXowHigwSZo21SM=
github.com/as/etch v0.6.7/go.mod h1:UpIq7TKNgw3fnO8Pe2iyrOQLmZw5xVe6s3I4bA3Eq7s=
github.com/as/event v0.6.8 h1:C8DNG/jIvoxTk9YfA2SHgUzVBbL60kHkXI65F5rZY2U=
github.com/as/event v0.6.8/go.mod h1:OvgTv7MB0NPVOX9wpYMD3aMBZe+6sXG0I0b+eFwwJlE=
github.com/as/font v0.6.7 h1:vFqIb6AA9vaG4bsYjY+GvpDYcfS1M/CEG8nEV/7PV6w=
github.com/as/font v0.6.7/go.mod h1:BkHFVmGECqrSKHrzzr2iQ10boSFSVrjS//amlwTZXGw=
github.com/as/frame v0.8.0 h1:HnrjY4dfjl3U9pCi8f5A6+09zskAxQKkQfk40ImEg6w=
github.com/as/frame v0.8.0/go.mod h1:kJy8EloMTD6sR9HGhfRBKqml5Em65VV2HgkeUeNQuFQ=
github.com/as/io v0.1.0 h1:NO/F8TabHs05XDMxqnDD4OuDV4zLsogLPbb7gmPIBxM=
github.com/as/io v0.1.0/go.mod h1:9XeOiJPOJ6+M8bO9td0Y1SvcpE57AXOZAIAOOc8v3Zg=
github.com/as/path v0.6.7 h1:2Khl2HEdCa8zT6fv8/JCLLfaA6nC4/1JyhYO9CN/1dI=
github.com/as/path v0.6.7/go.mod h1:1vrbEfP2n38ty63nMCWiH7En/4dxlkrnI2TTlnha7Io=
github.com/as/rgba v0.0.3 h1:C7uoxarqiki0DNWYriTWWtA7+r5cyMhlZ7zkQhSuBmo=
github.com/as/rgba v0.0.3/go.mod h1:+rVyGJJqxNL59s+65VrNOpXeHFN0NaurbDRkc1n0hxM=
github.com/as/shiny v0.8.1 h1:64zquyACxE9/pLq+cE3QxqQWWET81qv2B8CtgsUGd/c=
github.com/as/shiny v0.8.1/go.mod h1:55WX2wG/fU8aSgY+DNs7AcONFtpVZffNAK28jLmm+k0=
github.com/as/shiny v0.8.2 h1:pPgHG3x2earG36b+TyVt/chDZ5FDi5DLd8H+KlnNMuM=
github.com/as/shiny v0.8.2/go.mod h1:55WX2wG/fU8aSgY+DNs7AcONFtpVZffNAK28jLmm+k0=
github.com/as/srv v0.6.8 h1:DC+ahGogle/vEgHZsVjGqqSEbFWz5H4w8LT07odSPtU=
github.com/as/srv v0.6.8/go.mod h1:IFVqXwcDlvI9veNpxFkbgdTdeOQ5Pjx4G39YrUdDkfw=
github.com/as/text v0.7.0 h1:4X7cvJgFPsw03aNndRuO6gz67Lvla0Gdhajma2R3RgM=
github.com/as/text v0.7.0/go.mod h1:0JXreN+qG8LD6B3FFm8ggTMbHS4Smb2bxxO0aJx6sjI=
github.com/as/worm v0.6.7 h1:hKVHgieFhwIGBslbCMB3AQEKdJRt/5CAwyJT8Y3rTSE=
github.com/as/worm v0.6.7/go.mod h1:wWuwCWTJ0B1JslXM5vuFtKcgvhFeK5oC6SqYMka5DLQ=
github.com/golang/freetype v0.0.0-20170609003504-e2365dfdc4a0 h1:DACJavvAHhabrF08vX0COfcOBJRhZ8lUbR+ZWIs0Y5g=
github.com/golang/freetype v0.0.0-20170609003504-e2365dfdc4a0/go.mod h1:E/TSTwGwJL78qG/PmXZO1EjYhfJinVAhrmmHX6Z8B9k=
golang.org/x/image v0.0.0-20200927104501-e162460cd6b5 h1:QelT11PB4FXiDEXucrfNckHoFxwt8USGY1ajP1ZF5lM=
golang.org/x/image v0.0.0-20200927104501-e162460cd6b5/go.mod h1:FeLwcggjj3mMvU+oOTbSwawSJRM1uh48EjtB4UJZlP0=
golang.org/x/sys v0.0.0-20201113233024-12cec1faf1ba h1:xmhUJGQGbxlod18iJGqVEp9cHIPLl7QiX2aA3to708s=
golang.org/x/sys v0.0.0-20201113233024-12cec1faf1ba/go.mod h1:h1NjWce9XRLGQEsW7wpKNCjG9DtNlClVuFLEZdDNbEs=
golang.org/x/text v0.3.0/go.mod h1:NqM8EUOU14njkJ3fqMW+pc6Ldnwhi/IjpwHt7yyuwOQ=
